# This file is autogenerated, do not edit; changes may be undone by the next 'dep ensure'.


[[projects]]
  digest = "1:6d8a3b164679872fa5a4c44559235f7fb109c7b5cd0f456a2159d579b76cc9ba"
  name = "github.com/DataDog/zstd"
  packages = ["."]
  pruneopts = "UT"
  revision = "809b919c325d7887bff7bd876162af73db53e878"
  version = "v1.4.0"

[[projects]]
  digest = "1:2ec153af6a806c3d63d4299f2549bcb29d75d9703097341be309a46db3481488"
  name = "github.com/Shopify/sarama"
  packages = ["."]
  pruneopts = "UT"
  revision = "ea9ab1c316850bee881a07bb2555ee8a685cd4b6"
  version = "v1.22.1"

[[projects]]
  digest = "1:526d64d0a3ac6c24875724a9355895be56a21f89a5d3ab5ba88d91244269a7d8"
  name = "github.com/bsm/sarama-cluster"
  packages = ["."]
  pruneopts = "UT"
  revision = "c618e605e15c0d7535f6c96ff8efbb0dba4fd66c"
  version = "v2.1.15"

[[projects]]
  digest = "1:ffe9824d294da03b391f44e1ae8281281b4afc1bdaa9588c9097785e3af10cec"
  name = "github.com/davecgh/go-spew"
  packages = ["spew"]
  pruneopts = "UT"
  revision = "8991bc29aa16c548c550c7ff78260e27b9ab7c73"
  version = "v1.1.1"

[[projects]]
  digest = "1:14bec9102c4b9d0cd6ead3aca688fbb32107b1af4d3366bda7af8121796facd4"
  name = "github.com/denisenkom/go-mssqldb"
  packages = [
    ".",
    "internal/cp",
    "internal/decimal",
    "internal/querytext",
    "msdsn",
  ]
  pruneopts = "UT"
  revision = "ed0f62060df11d7cf555612aff3b66bbabc374d3"
  version = "v0.12.3"

[[projects]]
  digest = "1:1f0c7ab489b407a7f8f9ad16c25a504d28ab461517a971d341388a56156c1bd7"
  name = "github.com/eapache/go-resiliency"
  packages = ["breaker"]
  pruneopts = "UT"
  revision = "ea41b0fad31007accc7f806884dcdf3da98b79ce"
  version = "v1.1.0"

[[projects]]
  branch = "master"
  digest = "1:79f16588b5576b1b3cd90e48d2374cc9a1a8776862d28d8fd0f23b0e15534967"
  name = "github.com/eapache/go-xerial-snappy"
  packages = ["."]
  pruneopts = "UT"
  revision = "776d5712da21bc4762676d614db1d8a64f4238b0"

[[projects]]
  digest = "1:444b82bfe35c83bbcaf84e310fb81a1f9ece03edfed586483c869e2c046aef69"
  name = "github.com/eapache/queue"
  packages = ["."]
  pruneopts = "UT"
  revision = "44cc805cf13205b55f69e14bcb69867d1ae92f98"
  version = "v1.1.0"

[[projects]]
  digest = "1:8a36644a6f248a07f83ed73196b12309fca1815d3fbc3f15d58e93a67066769e"
  name = "github.com/go-chi/chi"
  packages = ["."]
  pruneopts = "UT"
  revision = "6eb35881c0e438ffb663ddbad3a61babaa5e5d8a"
  version = "v5.2.4"

[[projects]]
  digest = "1:ba17a4459f01f03fa4d972077e305700215ef7263fd7baa5361acf1eb35c00b6"
  name = "github.com/go-errors/errors"
  packages = ["."]
  pruneopts = "UT"
  revision = "1b7bbfb2f065f79536b843f8e2047e36aadd7846"
  version = "v1.5.1"

[[projects]]
  digest = "1:d37c61a335d13bc49b3f90e9e13c8686e4548839b69c58549e727afb2245c454"
  name = "github.com/go-ini/ini"
  packages = ["."]
  pruneopts = "UT"
  revision = "c85607071cf08ca1adaf48319cd1aa322e81d8c1"
  version = "v1.42.0"

[[projects]]
  digest = "1:ec6f9bf5e274c833c911923c9193867f3f18788c461f76f05f62bb1510e0ae65"
  name = "github.com/go-sql-driver/mysql"
  packages = ["."]
  pruneopts = "UT"
  revision = "72cd26f257d44c1114970e19afddcd812016007e"
  version = "v1.4.1"

[[projects]]
  digest = "1:0f10ea3cf79a9cf229609548e09f028ba5d58faf5e78888921d4965455b0deff"
  name = "github.com/go-xorm/xorm"
  packages = ["."]
  pruneopts = "UT"
  revision = "f3e6c3a26b8f7e70fee2751b885531c81bdfa928"
  source = "gitea.com/xorm/xorm"
  version = "v0.7.4"

[[projects]]
  branch = "master"
  digest = "1:bd9fb24a3a555e227ff66de5f185fdb8ead34da3f1b8e9d62e47893c7db332a9"
  name = "github.com/golang-sql/civil"
  packages = ["."]
  pruneopts = "UT"
  revision = "b832511892a9aa2766214afc9cc347c94e7088ea"

[[projects]]
  digest = "1:b95190e758d04cc6e484bf71139749512b2a024f0716d2d71c3bae2a1d03c6e6"
  name = "github.com/golang-sql/sqlexp"
  packages = ["."]
  pruneopts = "UT"
  revision = "d42ba59f5c11011b1df5abc536ee75821c22bdac"
  version = "v0.1.0"

[[projects]]
  digest = "1:e4f5819333ac698d294fe04dbf640f84719658d5c7ce195b10060cc37292ce79"
  name = "github.com/golang/snappy"
  packages = ["."]
  pruneopts = "UT"
  revision = "2a8bb927dd31d8daada140a5d09578521ce5c36a"
  version = "v0.0.1"

[[projects]]
  digest = "1:0ea95bf52f7ee3fe3a7eb32f5af1ad5b4637c4a6d590c9c8d4cb8a8139e464a7"
  name = "github.com/gorilla/schema"
  packages = ["."]
  pruneopts = "UT"
  revision = "cd59f2f12cbdfa9c06aa63e425d1fe4a806967ff"
  version = "v1.4.1"

[[projects]]
  digest = "1:4bdb4a64d824c2d3f5959a43cd7522db7d705403369e6930ed072a28bd68340e"
  name = "github.com/greenplum-db/pq"
  packages = ["."]
  pruneopts = "UT"
  revision = "bc6a3c0594130b1e34005880bc600b6d3f49fa7f"
  version = "v1.1.1"

[[projects]]
  digest = "1:244c2fe601cf788a6317316b062bb167e21b9fcefa17d4f4fe2d257d3fd6d2dc"
  name = "github.com/klauspost/compress"
  packages = [
    ".",
    "fse",
    "huff0",
    "internal/cpuinfo",
    "internal/le",
    "internal/snapref",
    "zstd",
    "zstd/internal/xxhash",
  ]
  pruneopts = "UT"
  revision = "1d6cf28a9eac67b569bb334c04e1dcb8bf02cf17"
  version = "v1.18.3"

[[projects]]
  digest = "1:bdd53b87de8185da386bae179c84d4848854c6870bacacf6a154fe63e2e750f7"
  name = "github.com/lib/pq"
  packages = [
    ".",
    "oid",
    "scram",
  ]
  pruneopts = "UT"
  revision = "bc6a3c0594130b1e34005880bc600b6d3f49fa7f"
  version = "v1.1.1"

[[projects]]
  branch = "master"
  digest = "1:31bd492aa2822484bcec518e0b693e1aedfdf9637b43527c0ad29d5cf8abfd43"
  name = "github.com/manucorporat/sse"
  packages = ["."]
  pruneopts = "UT"
  revision = "ee05b128a739a0fb76c7ebd3ae4810c1de808d6d"

[[projects]]
  digest = "1:259f9b7645983a7a823318d78aa96dec68af8891f706493ac1ec04d819cb977c"
  name = "github.com/pierrec/lz4"
  packages = [
    ".",
    "internal/xxh32",
  ]
  pruneopts = "UT"
  revision = "d705d4371bfccdf47f10e45584e896026c83616f"
  version = "v2.2.3"

[[projects]]
  digest = "1:9e1d37b58d17113ec3cb5608ac0382313c5b59470b94ed97d0976e69c7022314"
  name = "github.com/pkg/errors"
  packages = ["."]
  pruneopts = "UT"
  revision = "614d223910a179a466c1767a985424175c39b465"
  version = "v0.9.1"

[[projects]]
  digest = "1:0028cb19b2e4c3112225cd871870f2d9cf49b9b4276531f03438a88e94be86fe"
  name = "github.com/pmezard/go-difflib"
  packages = ["difflib"]
  pruneopts = "UT"
  revision = "792786c7400a136282c1664665ae0a8db921c6c2"
  version = "v1.0.0"

[[projects]]
  branch = "master"
  digest = "1:d38f81081a389f1466ec98192cf9115a82158854d6f01e1c23e2e7554b97db71"
  name = "github.com/rcrowley/go-metrics"
  packages = ["."]
  pruneopts = "UT"
  revision = "3113b8401b8a98917cde58f8bbd42a1b1c03b1fd"

[[projects]]
  digest = "1:54bd573538ca13ccf85d18c99249d934f17957f17263256b42565a11c854c1de"
  name = "github.com/segmentio/go-loggly"
  packages = ["."]
  pruneopts = "UT"
  revision = "3e0cec4266ddf583aecef51bb8e9badc3cca5314"
  version = "v0.5.0"

[[projects]]
  digest = "1:fccba8bf6424c917c27a7f715c9830de85f7c31c90fa115010251e7095f6397d"
  name = "github.com/sirupsen/logrus"
  packages = [
    ".",
    "hooks/test",
  ]
  pruneopts = "UT"
  revision = "b61f268f75b6ff134a62cd62aee1095fa12e8d2e"
  version = "v1.9.4"

[[projects]]
  branch = "master"
  digest = "1:55c8beaa1314ef593f1a4f3fbde1643a61fd19517cad02cf3353ef9e2a801ab5"
  name = "github.com/stellar/go"
  packages = [
    "amount",
    "clients/horizonclient",
    "hash",
    "ingest/sac",
    "keypair",
    "network",
    "protocols/horizon",
    "protocols/horizon/base",
    "protocols/horizon/effects",
    "protocols/horizon/operations",
    "protocols/stellarcore",
    "strkey",
    "strkey/internal/crc16",
    "support/clock",
    "support/collections/set",
    "support/errors",
    "support/http/httpdecode",
    "support/log",
    "support/render/hal",
    "support/render/httpjson",
    "support/render/problem",
    "support/url",
    "txnbuild",
    "xdr",
  ]
  pruneopts = "UT"
  revision = "aab2ea4aca889ebebb11148a542e2165a0778f9a"

[[projects]]
  branch = "master"
  digest = "1:beb23380dd802379d36d53909e7cfb5e2d04798cfae9a879a2f7c6f095cf7a36"
  name = "github.com/stellar/go-xdr"
  packages = ["xdr3"]
  pruneopts = "UT"
  revision = "b53fb00bcac28d5b35c547e36bf02867087ed71e"

[[projects]]
  digest = "1:399b3eaca5c3fa36d995eada9f5249c7ea6a3442d80cb5527043051c06159cb3"
  name = "github.com/stretchr/objx"
  packages = ["."]
  pruneopts = "UT"
  revision = "b152998cb1395c270b4ae1659971578328983793"
  version = "v0.5.3"

[[projects]]
  digest = "1:f9f18b2d56341d72512709b43a0864c69f5a02b1e2f2c6cd76888e58291d96d0"
  name = "github.com/stretchr/testify"
  packages = [
    "assert",
    "assert/yaml",
    "mock",
  ]
  pruneopts = "UT"
  revision = "2a57335dc9cd6833daa820bc94d9b40c26a7917d"
  version = "v1.11.1"

[[projects]]
  branch = "master"
  digest = "1:f4e5276a3b356f4692107047fd2890f2fe534f4feeb6b1fd2f6dfbd87f1ccf54"
  name = "github.com/xeipuuv/gojsonpointer"
  packages = ["."]
  pruneopts = "UT"
  revision = "4e3ac2762d5f479393488629ee9370b50873b3a6"

[[projects]]
  branch = "master"
  digest = "1:dc6a6c28ca45d38cfce9f7cb61681ee38c5b99ec1425339bfc1e1a7ba769c807"
  name = "github.com/xeipuuv/gojsonreference"
  packages = ["."]
  pruneopts = "UT"
  revision = "bd5ef7bd5415a7ac448318e64f11a24cd21e594b"

[[projects]]
  digest = "1:1c898ea6c30c16e8d55fdb6fe44c4bee5f9b7d68aa260cfdfc3024491dcc7bea"
  name = "github.com/xeipuuv/gojsonschema"
  packages = ["."]
  pruneopts = "UT"
  revision = "f971f3cd73b2899de6923801c147f075263e0c50"
  version = "v1.1.0"

[[projects]]
  branch = "master"
  digest = "1:100a36e16f77aaad7c9144ab26bcefb92c5b6ebed5b137f935fdc11f541fa5b8"
  name = "golang.org/x/crypto"
  packages = ["md4"]
  pruneopts = "UT"
  revision = "5c40567a22f818bd14a1ea7245dad9f8ef0691aa"

[[projects]]
  branch = "master"
  digest = "1:fd829c6ef917ee7a5767c88ba3c7d7e8272e308314d4d5511a2dc7438a089f6a"
  name = "golang.org/x/exp"
  packages = ["constraints"]
  pruneopts = "UT"
  revision = "716be5621a96705e54bb861e08e4ecdf38b9c4d0"

[[projects]]
  branch = "master"
  digest = "1:3e0062766e6b0bcfe1ba1ed1d3f08a8e1e99cd5831426e2596dc9537d28f2adb"
  name = "golang.org/x/net"
  packages = [
    "internal/socks",
    "proxy",
  ]
  pruneopts = "UT"
  revision = "d28f0bde5980168871434b95cfc858db9f2a7a99"

[[projects]]
  digest = "1:23d19c6a55d1c6fe45d19efabee7e8398cbdf32723b275e8a7bcc0ac3e538a44"
  name = "golang.org/x/sys"
  packages = [
    "unix",
    "windows",
    "windows/registry",
    "windows/svc",
    "windows/svc/eventlog",
    "windows/svc/mgr",
  ]
  pruneopts = "UT"
  revision = "2f442297556c884f9b52fc6ef7280083f4d65023"
  version = "v0.40.0"

[[projects]]
  digest = "1:c25289f43ac4a68d88b02245742347c94f1e108c534dda442188015ff80669b3"
  name = "google.golang.org/appengine"
  packages = ["cloudsql"]
  pruneopts = "UT"
  revision = "b2f4a3cf3c67576a2ee09e1fe62656a5086ce880"
  version = "v1.6.1"

[[projects]]
  digest = "1:0d58f1f9964495f627de70f2db37d14c39dca5ee41f49739ea7dffcbc84dd84d"
  name = "gopkg.in/yaml.v3"
  packages = ["."]
  pruneopts = "UT"
  revision = "f6f7691b1fdeb513f56608cd2c32c51f8194bf51"
  version = "v3.0.1"

[[projects]]
  digest = "1:69760bb625770798aa43843e5a493097a9f864646697f5ee29015cc0565524a6"
  name = "xorm.io/builder"
  packages = ["."]
  pruneopts = "UT"
  revision = "5175e98d9e97da33b5b8234760b151d867cb2620"
  version = "v0.3.5"

[[projects]]
  digest = "1:3a0128b50d38343b108e97b5b7d86d384df2cbd06ec7db69cb37e62d1e349009"
  name = "xorm.io/core"
  packages = ["."]
  pruneopts = "UT"
  revision = "a31f53637037b3461649b8a9a03e13b26d31f12d"
  version = "v0.6.3"

[solve-meta]
  analyzer-name = "dep"
  analyzer-version = 1
  input-imports = [
    "github.com/Shopify/sarama",
    "github.com/bsm/sarama-cluster",
    "github.com/denisenkom/go-mssqldb",
    "github.com/go-ini/ini",
    "github.com/go-sql-driver/mysql",
    "github.com/go-xorm/xorm",
    "github.com/greenplum-db/pq",
    "github.com/stellar/go/clients/horizonclient",
    "github.com/xeipuuv/gojsonschema",
    "golang.org/x/sys/windows/registry",
    "golang.org/x/sys/windows/svc",
    "golang.org/x/sys/windows/svc/eventlog",
    "golang.org/x/sys/windows/svc/mgr",
    "xorm.io/core",
  ]
  solver-name = "gps-cdcl"
  solver-version = 1
